
Microsoft Visual Studio Solution File, Format Version 12.00
# Visual Studio Version 17
VisualStudioVersion = 17.5.33627.172
MinimumVisualStudioVersion = 10.0.40219.1
Project("{9A19103F-16F7-4668-BE54-9A1E7A4F7556}") = "BusinessLogic", "BusinessLogic\BusinessLogic.csproj", "{DF9D33A4-6EF7-45CF-BF19-4F55E5628126}"
EndProject
Project("{9A19103F-16F7-4668-BE54-9A1E7A4F7556}") = "Entities", "Entities\Entities.csproj", "{98A8B9A4-BD6A-4AD0-A6D3-D4A74C42DF12}"
EndProject
Project("{9A19103F-16F7-4668-BE54-9A1E7A4F7556}") = "ControllerAPI", "SE151519_FA23\ControllerAPI.csproj", "{24190ED7-C3B5-4CFE-8B17-A078BA625039}"
EndProject
Global
	GlobalSection(SolutionConfigurationPlatforms) = preSolution
		Debug|Any CPU = Debug|Any CPU
		Release|Any CPU = Release|Any CPU
	EndGlobalSection
	GlobalSection(ProjectConfigurationPlatforms) = postSolution
		{DF9D33A4-6EF7-45CF-BF19-4F55E5628126}.Debug|Any CPU.ActiveCfg = Debug|Any CPU
		{DF9D33A4-6EF7-45CF-BF19-4F55E5628126}.Debug|Any CPU.Build.0 = Debug|Any CPU
		{DF9D33A4-6EF7-45CF-BF19-4F55E5628126}.Release|Any CPU.ActiveCfg = Release|Any CPU
		{DF9D33A4-6EF7-45CF-BF19-4F55E5628126}.Release|Any CPU.Build.0 = Release|Any CPU
		{98A8B9A4-BD6A-4AD0-A6D3-D4A74C42DF12}.Debug|Any CPU.ActiveCfg = Debug|Any CPU
		{98A8B9A4-BD6A-4AD0-A6D3-D4A74C42DF12}.Debug|Any CPU.Build.0 = Debug|Any CPU
		{98A8B9A4-BD6A-4AD0-A6D3-D4A74C42DF12}.Release|Any CPU.ActiveCfg = Release|Any CPU
		{98A8B9A4-BD6A-4AD0-A6D3-D4A74C42DF12}.Release|Any CPU.Build.0 = Release|Any CPU
		{24190ED7-C3B5-4CFE-8B17-A078BA625039}.Debug|Any CPU.ActiveCfg = Debug|Any CPU
		{24190ED7-C3B5-4CFE-8B17-A078BA625039}.Debug|Any CPU.Build.0 = Debug|Any CPU
		{24190ED7-C3B5-4CFE-8B17-A078BA625039}.Release|Any CPU.ActiveCfg = Release|Any CPU
		{24190ED7-C3B5-4CFE-8B17-A078BA625039}.Release|Any CPU.Build.0 = Release|Any CPU
	EndGlobalSection
	GlobalSection(SolutionProperties) = preSolution
		HideSolutionNode = FALSE
	EndGlobalSection
	GlobalSection(ExtensibilityGlobals) = postSolution
		SolutionGuid = {87286F3F-9A6C-46F2-B9B7-02FA0DE38454}
	EndGlobalSection
EndGlobal
